
Microsoft Visual Studio Solution File, Format Version 12.00
# Visual Studio 2013
VisualStudioVersion = 12.0.30501.0
MinimumVisualStudioVersion = 10.0.40219.1
Project("{FAE04EC0-301F-11D3-BF4B-00C04F79EFBC}") = "AzureSDKSample", "AzureSDKSample\AzureSDKSample.csproj", "{993FE1B4-634F-4F4C-A7CE-2334D0881249}"
EndProject
Global
	GlobalSection(SolutionConfigurationPlatforms) = preSolution
		Debug|Any CPU = Debug|Any CPU
		Release|Any CPU = Release|Any CPU
	EndGlobalSection
	GlobalSection(ProjectConfigurationPlatforms) = postSolution
		{993FE1B4-634F-4F4C-A7CE-2334D0881249}.Debug|Any CPU.ActiveCfg = Debug|Any CPU
		{993FE1B4-634F-4F4C-A7CE-2334D0881249}.Debug|Any CPU.Build.0 = Debug|Any CPU
		{993FE1B4-634F-4F4C-A7CE-2334D0881249}.Release|Any CPU.ActiveCfg = Release|Any CPU
		{993FE1B4-634F-4F4C-A7CE-2334D0881249}.Release|Any CPU.Build.0 = Release|Any CPU
	EndGlobalSection
	GlobalSection(SolutionProperties) = preSolution
		HideSolutionNode = FALSE
	EndGlobalSection
EndGlobal
